
Microsoft Visual Studio Solution File, Format Version 12.00
# Visual Studio Version 16
VisualStudioVersion = 16.0.30523.141
MinimumVisualStudioVersion = 10.0.40219.1
Project("{FAE04EC0-301F-11D3-BF4B-00C04F79EFBC}") = "Car Game", "Car Game\Car Game.csproj", "{1E21EE38-3654-4AA4-BBB0-D6E9E2448196}"
EndProject
Global
	GlobalSection(SolutionConfigurationPlatforms) = preSolution
		Debug|Any CPU = Debug|Any CPU
		Release|Any CPU = Release|Any CPU
	EndGlobalSection
	GlobalSection(ProjectConfigurationPlatforms) = postSolution
		{1E21EE38-3654-4AA4-BBB0-D6E9E2448196}.Debug|Any CPU.ActiveCfg = Debug|Any CPU
		{1E21EE38-3654-4AA4-BBB0-D6E9E2448196}.Debug|Any CPU.Build.0 = Debug|Any CPU
		{1E21EE38-3654-4AA4-BBB0-D6E9E2448196}.Release|Any CPU.ActiveCfg = Release|Any CPU
		{1E21EE38-3654-4AA4-BBB0-D6E9E2448196}.Release|Any CPU.Build.0 = Release|Any CPU
	EndGlobalSection
	GlobalSection(SolutionProperties) = preSolution
		HideSolutionNode = FALSE
	EndGlobalSection
	GlobalSection(ExtensibilityGlobals) = postSolution
		SolutionGuid = {390B0532-A269-448E-921A-50EBB452DC31}
	EndGlobalSection
EndGlobal
